
Microsoft Visual Studio Solution File, Format Version 12.00
# Visual Studio Version 17
VisualStudioVersion = 17.2.32616.157
MinimumVisualStudioVersion = 10.0.40219.1
Project("{9A19103F-16F7-4668-BE54-9A1E7A4F7556}") = "TestArchitecture.API", "TestArchitecture\TestArchitecture.API.csproj", "{235FFDFD-22D2-43AB-A0DC-661409A3DCAD}"
EndProject
Project("{FAE04EC0-301F-11D3-BF4B-00C04F79EFBC}") = "TestArchitecture.BL", "TestArchitecture.BL\TestArchitecture.BL.csproj", "{10B235D7-3B40-4508-8331-9E091FAD2AF4}"
EndProject
Project("{FAE04EC0-301F-11D3-BF4B-00C04F79EFBC}") = "TestArchitecture.DA", "TestArchitecture.DA\TestArchitecture.DA.csproj", "{CD52976B-F65A-434F-8A60-0B09AA736C57}"
EndProject
Project("{FAE04EC0-301F-11D3-BF4B-00C04F79EFBC}") = "TestArchitecture.Core", "TestArchitecture.Core\TestArchitecture.Core.csproj", "{CA9C9EB8-6018-4DD8-9474-49465A3BEC22}"
EndProject
Global
	GlobalSection(SolutionConfigurationPlatforms) = preSolution
		Debug|Any CPU = Debug|Any CPU
		Release|Any CPU = Release|Any CPU
	EndGlobalSection
	GlobalSection(ProjectConfigurationPlatforms) = postSolution
		{235FFDFD-22D2-43AB-A0DC-661409A3DCAD}.Debug|Any CPU.ActiveCfg = Debug|Any CPU
		{235FFDFD-22D2-43AB-A0DC-661409A3DCAD}.Debug|Any CPU.Build.0 = Debug|Any CPU
		{235FFDFD-22D2-43AB-A0DC-661409A3DCAD}.Release|Any CPU.ActiveCfg = Release|Any CPU
		{235FFDFD-22D2-43AB-A0DC-661409A3DCAD}.Release|Any CPU.Build.0 = Release|Any CPU
		{10B235D7-3B40-4508-8331-9E091FAD2AF4}.Debug|Any CPU.ActiveCfg = Debug|Any CPU
		{10B235D7-3B40-4508-8331-9E091FAD2AF4}.Debug|Any CPU.Build.0 = Debug|Any CPU
		{10B235D7-3B40-4508-8331-9E091FAD2AF4}.Release|Any CPU.ActiveCfg = Release|Any CPU
		{10B235D7-3B40-4508-8331-9E091FAD2AF4}.Release|Any CPU.Build.0 = Release|Any CPU
		{CD52976B-F65A-434F-8A60-0B09AA736C57}.Debug|Any CPU.ActiveCfg = Debug|Any CPU
		{CD52976B-F65A-434F-8A60-0B09AA736C57}.Debug|Any CPU.Build.0 = Debug|Any CPU
		{CD52976B-F65A-434F-8A60-0B09AA736C57}.Release|Any CPU.ActiveCfg = Release|Any CPU
		{CD52976B-F65A-434F-8A60-0B09AA736C57}.Release|Any CPU.Build.0 = Release|Any CPU
		{CA9C9EB8-6018-4DD8-9474-49465A3BEC22}.Debug|Any CPU.ActiveCfg = Debug|Any CPU
		{CA9C9EB8-6018-4DD8-9474-49465A3BEC22}.Debug|Any CPU.Build.0 = Debug|Any CPU
		{CA9C9EB8-6018-4DD8-9474-49465A3BEC22}.Release|Any CPU.ActiveCfg = Release|Any CPU
		{CA9C9EB8-6018-4DD8-9474-49465A3BEC22}.Release|Any CPU.Build.0 = Release|Any CPU
	EndGlobalSection
	GlobalSection(SolutionProperties) = preSolution
		HideSolutionNode = FALSE
	EndGlobalSection
	GlobalSection(ExtensibilityGlobals) = postSolution
		SolutionGuid = {50350CBC-DAF5-48D1-93D9-0D3A11E40170}
	EndGlobalSection
EndGlobal
